// !$*UTF8*$!
{
	archiveVersion = 1;
	classes = {
	};
	objectVersion = 46;
	objects = {

/* Begin PBXBuildFile section */
		74D9EB0E1847ECB70095D89F /* Foundation.framework in Frameworks */ = {isa = PBXBuildFile; fileRef = 74D9EB0D1847ECB70095D89F /* Foundation.framework */; };
		74D9EB101847ECB70095D89F /* CoreGraphics.framework in Frameworks */ = {isa = PBXBuildFile; fileRef = 74D9EB0F1847ECB70095D89F /* CoreGraphics.framework */; };
		74D9EB121847ECB70095D89F /* UIKit.framework in Frameworks */ = {isa = PBXBuildFile; fileRef = 74D9EB111847ECB70095D89F /* UIKit.framework */; };
		74D9EB181847ECB70095D89F /* InfoPlist.strings in Resources */ = {isa = PBXBuildFile; fileRef = 74D9EB161847ECB70095D89F /* InfoPlist.strings */; };
		74D9EB1A1847ECB70095D89F /* main.m in Sources */ = {isa = PBXBuildFile; fileRef = 74D9EB191847ECB70095D89F /* main.m */; };
		74D9EB1E1847ECB70095D89F /* AppDelegate.m in Sources */ = {isa = PBXBuildFile; fileRef = 74D9EB1D1847ECB70095D89F /* AppDelegate.m */; };
		74D9EB211847ECB70095D89F /* Main.storyboard in Resources */ = {isa = PBXBuildFile; fileRef = 74D9EB1F1847ECB70095D89F /* Main.storyboard */; };
		74D9EB241847ECB70095D89F /* ViewController.m in Sources */ = {isa = PBXBuildFile; fileRef = 74D9EB231847ECB70095D89F /* ViewController.m */; };
		74D9EB261847ECB70095D89F /* Images.xcassets in Resources */ = {isa = PBXBuildFile; fileRef = 74D9EB251847ECB70095D89F /* Images.xcassets */; };
		74D9EB2D1847ECB70095D89F /* XCTest.framework in Frameworks */ = {isa = PBXBuildFile; fileRef = 74D9EB2C1847ECB70095D89F /* XCTest.framework */; };
		74D9EB2E1847ECB70095D89F /* Foundation.framework in Frameworks */ = {isa = PBXBuildFile; fileRef = 74D9EB0D1847ECB70095D89F /* Foundation.framework */; };
		74D9EB2F1847ECB70095D89F /* UIKit.framework in Frameworks */ = {isa = PBXBuildFile; fileRef = 74D9EB111847ECB70095D89F /* UIKit.framework */; };
		74D9EB371847ECB70095D89F /* InfoPlist.strings in Resources */ = {isa = PBXBuildFile; fileRef = 74D9EB351847ECB70095D89F /* InfoPlist.strings */; };
		74D9EB391847ECB70095D89F /* XControlsTests.m in Sources */ = {isa = PBXBuildFile; fileRef = 74D9EB381847ECB70095D89F /* XControlsTests.m */; };
/* End PBXBuildFile section */

/* Begin PBXContainerItemProxy section */
		74D9EB301847ECB70095D89F /* PBXContainerItemProxy */ = {
			isa = PBXContainerItemProxy;
			containerPortal = 74D9EB021847ECB70095D89F /* Project object */;
			proxyType = 1;
			remoteGlobalIDString = 74D9EB091847ECB70095D89F;
			remoteInfo = XControls;
		};
/* End PBXContainerItemProxy section */

/* Begin PBXFileReference section */
		74D9EB0A1847ECB70095D89F /* XControls.app */ = {isa = PBXFileReference; explicitFileType = wrapper.application; includeInIndex = 0; path = XControls.app; sourceTree = BUILT_PRODUCTS_DIR; };
		74D9EB0D1847ECB70095D89F /* Foundation.framework */ = {isa = PBXFileReference; lastKnownFileType = wrapper.framework; name = Foundation.framework; path = System/Library/Frameworks/Foundation.framework; sourceTree = SDKROOT; };
		74D9EB0F1847ECB70095D89F /* CoreGraphics.framework */ = {isa = PBXFileReference; lastKnownFileType = wrapper.framework; name = CoreGraphics.framework; path = System/Library/Frameworks/CoreGraphics.framework; sourceTree = SDKROOT; };
		74D9EB111847ECB70095D89F /* UIKit.framework */ = {isa = PBXFileReference; lastKnownFileType = wrapper.framework; name = UIKit.framework; path = System/Library/Frameworks/UIKit.framework; sourceTree = SDKROOT; };
		74D9EB151847ECB70095D89F /* XControls-Info.plist */ = {isa = PBXFileReference; lastKnownFileType = text.plist.xml; path = "XControls-Info.plist"; sourceTree = "<group>"; };
		74D9EB171847ECB70095D89F /* en */ = {isa = PBXFileReference; lastKnownFileType = text.plist.strings; name = en; path = en.lproj/InfoPlist.strings; sourceTree = "<group>"; };
		74D9EB191847ECB70095D89F /* main.m */ = {isa = PBXFileReference; lastKnownFileType = sourcecode.c.objc; path = main.m; sourceTree = "<group>"; };
		74D9EB1B1847ECB70095D89F /* XControls-Prefix.pch */ = {isa = PBXFileReference; lastKnownFileType = sourcecode.c.h; path = "XControls-Prefix.pch"; sourceTree = "<group>"; };
		74D9EB1C1847ECB70095D89F /* AppDelegate.h */ = {isa = PBXFileReference; lastKnownFileType = sourcecode.c.h; path = AppDelegate.h; sourceTree = "<group>"; };
		74D9EB1D1847ECB70095D89F /* AppDelegate.m */ = {isa = PBXFileReference; lastKnownFileType = sourcecode.c.objc; path = AppDelegate.m; sourceTree = "<group>"; };
		74D9EB201847ECB70095D89F /* Base */ = {isa = PBXFileReference; lastKnownFileType = file.storyboard; name = Base; path = Base.lproj/Main.storyboard; sourceTree = "<group>"; };
		74D9EB221847ECB70095D89F /* ViewController.h */ = {isa = PBXFileReference; lastKnownFileType = sourcecode.c.h; path = ViewController.h; sourceTree = "<group>"; };
		74D9EB231847ECB70095D89F /* ViewController.m */ = {isa = PBXFileReference; lastKnownFileType = sourcecode.c.objc; path = ViewController.m; sourceTree = "<group>"; };
		74D9EB251847ECB70095D89F /* Images.xcassets */ = {isa = PBXFileReference; lastKnownFileType = folder.assetcatalog; path = Images.xcassets; sourceTree = "<group>"; };
		74D9EB2B1847ECB70095D89F /* XControlsTests.xctest */ = {isa = PBXFileReference; explicitFileType = wrapper.cfbundle; includeInIndex = 0; path = XControlsTests.xctest; sourceTree = BUILT_PRODUCTS_DIR; };
		74D9EB2C1847ECB70095D89F /* XCTest.framework */ = {isa = PBXFileReference; lastKnownFileType = wrapper.framework; name = XCTest.framework; path = Library/Frameworks/XCTest.framework; sourceTree = DEVELOPER_DIR; };
		74D9EB341847ECB70095D89F /* XControlsTests-Info.plist */ = {isa = PBXFileReference; lastKnownFileType = text.plist.xml; path = "XControlsTests-Info.plist"; sourceTree = "<group>"; };
		74D9EB361847ECB70095D89F /* en */ = {isa = PBXFileReference; lastKnownFileType = text.plist.strings; name = en; path = en.lproj/InfoPlist.strings; sourceTree = "<group>"; };
		74D9EB381847ECB70095D89F /* XControlsTests.m */ = {isa = PBXFileReference; lastKnownFileType = sourcecode.c.objc; path = XControlsTests.m; sourceTree = "<group>"; };
/* End PBXFileReference section */

/* Begin PBXFrameworksBuildPhase section */
		74D9EB071847ECB70095D89F /* Frameworks */ = {
			isa = PBXFrameworksBuildPhase;
			buildActionMask = 2147483647;
			files = (
				74D9EB101847ECB70095D89F /* CoreGraphics.framework in Frameworks */,
				74D9EB121847ECB70095D89F /* UIKit.framework in Frameworks */,
				74D9EB0E1847ECB70095D89F /* Foundation.framework in Frameworks */,
			);
			runOnlyForDeploymentPostprocessing = 0;
		};
		74D9EB281847ECB70095D89F /* Frameworks */ = {
			isa = PBXFrameworksBuildPhase;
			buildActionMask = 2147483647;
			files = (
				74D9EB2D1847ECB70095D89F /* XCTest.framework in Frameworks */,
				74D9EB2F1847ECB70095D89F /* UIKit.framework in Frameworks */,
				74D9EB2E1847ECB70095D89F /* Foundation.framework in Frameworks */,
			);
			runOnlyForDeploymentPostprocessing = 0;
		};
/* End PBXFrameworksBuildPhase section */

/* Begin PBXGroup section */
		74D9EB011847ECB70095D89F = {
			isa = PBXGroup;
			children = (
				74D9EB131847ECB70095D89F /* XControls */,
				74D9EB321847ECB70095D89F /* XControlsTests */,
				74D9EB0C1847ECB70095D89F /* Frameworks */,
				74D9EB0B1847ECB70095D89F /* Products */,
			);
			sourceTree = "<group>";
		};
		74D9EB0B1847ECB70095D89F /* Products */ = {
			isa = PBXGroup;
			children = (
				74D9EB0A1847ECB70095D89F /* XControls.app */,
				74D9EB2B1847ECB70095D89F /* XControlsTests.xctest */,
			);
			name = Products;
			sourceTree = "<group>";
		};
		74D9EB0C1847ECB70095D89F /* Frameworks */ = {
			isa = PBXGroup;
			children = (
				74D9EB0D1847ECB70095D89F /* Foundation.framework */,
				74D9EB0F1847ECB70095D89F /* CoreGraphics.framework */,
				74D9EB111847ECB70095D89F /* UIKit.framework */,
				74D9EB2C1847ECB70095D89F /* XCTest.framework */,
			);
			name = Frameworks;
			sourceTree = "<group>";
		};
		74D9EB131847ECB70095D89F /* XControls */ = {
			isa = PBXGroup;
			children = (
				74D9EB1C1847ECB70095D89F /* AppDelegate.h */,
				74D9EB1D1847ECB70095D89F /* AppDelegate.m */,
				74D9EB1F1847ECB70095D89F /* Main.storyboard */,
				74D9EB221847ECB70095D89F /* ViewController.h */,
				74D9EB231847ECB70095D89F /* ViewController.m */,
				74D9EB251847ECB70095D89F /* Images.xcassets */,
				74D9EB141847ECB70095D89F /* Supporting Files */,
			);
			path = XControls;
			sourceTree = "<group>";
		};
		74D9EB141847ECB70095D89F /* Supporting Files */ = {
			isa = PBXGroup;
			children = (
				74D9EB151847ECB70095D89F /* XControls-Info.plist */,
				74D9EB161847ECB70095D89F /* InfoPlist.strings */,
				74D9EB191847ECB70095D89F /* main.m */,
				74D9EB1B1847ECB70095D89F /* XControls-Prefix.pch */,
			);
			name = "Supporting Files";
			sourceTree = "<group>";
		};
		74D9EB321847ECB70095D89F /* XControlsTests */ = {
			isa = PBXGroup;
			children = (
				74D9EB381847ECB70095D89F /* XControlsTests.m */,
				74D9EB331847ECB70095D89F /* Supporting Files */,
			);
			path = XControlsTests;
			sourceTree = "<group>";
		};
		74D9EB331847ECB70095D89F /* Supporting Files */ = {
			isa = PBXGroup;
			children = (
				74D9EB341847ECB70095D89F /* XControlsTests-Info.plist */,
				74D9EB351847ECB70095D89F /* InfoPlist.strings */,
			);
			name = "Supporting Files";
			sourceTree = "<group>";
		};
/* End PBXGroup section */

/* Begin PBXNativeTarget section */
		74D9EB091847ECB70095D89F /* XControls */ = {
			isa = PBXNativeTarget;
			buildConfigurationList = 74D9EB3C1847ECB70095D89F /* Build configuration list for PBXNativeTarget "XControls" */;
			buildPhases = (
				74D9EB061847ECB70095D89F /* Sources */,
				74D9EB071847ECB70095D89F /* Frameworks */,
				74D9EB081847ECB70095D89F /* Resources */,
			);
			buildRules = (
			);
			dependencies = (
			);
			name = XControls;
			productName = XControls;
			productReference = 74D9EB0A1847ECB70095D89F /* XControls.app */;
			productType = "com.apple.product-type.application";
		};
		74D9EB2A1847ECB70095D89F /* XControlsTests */ = {
			isa = PBXNativeTarget;
			buildConfigurationList = 74D9EB3F1847ECB70095D89F /* Build configuration list for PBXNativeTarget "XControlsTests" */;
			buildPhases = (
				74D9EB271847ECB70095D89F /* Sources */,
				74D9EB281847ECB70095D89F /* Frameworks */,
				74D9EB291847ECB70095D89F /* Resources */,
			);
			buildRules = (
			);
			dependencies = (
				74D9EB311847ECB70095D89F /* PBXTargetDependency */,
			);
			name = XControlsTests;
			productName = XControlsTests;
			productReference = 74D9EB2B1847ECB70095D89F /* XControlsTests.xctest */;
			productType = "com.apple.product-type.bundle.unit-test";
		};
/* End PBXNativeTarget section */

/* Begin PBXProject section */
		74D9EB021847ECB70095D89F /* Project object */ = {
			isa = PBXProject;
			attributes = {
				LastUpgradeCheck = 0500;
				ORGANIZATIONNAME = "Tim Monroe";
				TargetAttributes = {
					74D9EB2A1847ECB70095D89F = {
						TestTargetID = 74D9EB091847ECB70095D89F;
					};
				};
			};
			buildConfigurationList = 74D9EB051847ECB70095D89F /* Build configuration list for PBXProject "XControls" */;
			compatibilityVersion = "Xcode 3.2";
			developmentRegion = English;
			hasScannedForEncodings = 0;
			knownRegions = (
				en,
				Base,
			);
			mainGroup = 74D9EB011847ECB70095D89F;
			productRefGroup = 74D9EB0B1847ECB70095D89F /* Products */;
			projectDirPath = "";
			projectRoot = "";
			targets = (
				74D9EB091847ECB70095D89F /* XControls */,
				74D9EB2A1847ECB70095D89F /* XControlsTests */,
			);
		};
/* End PBXProject section */

/* Begin PBXResourcesBuildPhase section */
		74D9EB081847ECB70095D89F /* Resources */ = {
			isa = PBXResourcesBuildPhase;
			buildActionMask = 2147483647;
			files = (
				74D9EB261847ECB70095D89F /* Images.xcassets in Resources */,
				74D9EB181847ECB70095D89F /* InfoPlist.strings in Resources */,
				74D9EB211847ECB70095D89F /* Main.storyboard in Resources */,
			);
			runOnlyForDeploymentPostprocessing = 0;
		};
		74D9EB291847ECB70095D89F /* Resources */ = {
			isa = PBXResourcesBuildPhase;
			buildActionMask = 2147483647;
			files = (
				74D9EB371847ECB70095D89F /* InfoPlist.strings in Resources */,
			);
			runOnlyForDeploymentPostprocessing = 0;
		};
/* End PBXResourcesBuildPhase section */

/* Begin PBXSourcesBuildPhase section */
		74D9EB061847ECB70095D89F /* Sources */ = {
			isa = PBXSourcesBuildPhase;
			buildActionMask = 2147483647;
			files = (
				74D9EB241847ECB70095D89F /* ViewController.m in Sources */,
				74D9EB1E1847ECB70095D89F /* AppDelegate.m in Sources */,
				74D9EB1A1847ECB70095D89F /* main.m in Sources */,
			);
			runOnlyForDeploymentPostprocessing = 0;
		};
		74D9EB271847ECB70095D89F /* Sources */ = {
			isa = PBXSourcesBuildPhase;
			buildActionMask = 2147483647;
			files = (
				74D9EB391847ECB70095D89F /* XControlsTests.m in Sources */,
			);
			runOnlyForDeploymentPostprocessing = 0;
		};
/* End PBXSourcesBuildPhase section */

/* Begin PBXTargetDependency section */
		74D9EB311847ECB70095D89F /* PBXTargetDependency */ = {
			isa = PBXTargetDependency;
			target = 74D9EB091847ECB70095D89F /* XControls */;
			targetProxy = 74D9EB301847ECB70095D89F /* PBXContainerItemProxy */;
		};
/* End PBXTargetDependency section */

/* Begin PBXVariantGroup section */
		74D9EB161847ECB70095D89F /* InfoPlist.strings */ = {
			isa = PBXVariantGroup;
			children = (
				74D9EB171847ECB70095D89F /* en */,
			);
			name = InfoPlist.strings;
			sourceTree = "<group>";
		};
		74D9EB1F1847ECB70095D89F /* Main.storyboard */ = {
			isa = PBXVariantGroup;
			children = (
				74D9EB201847ECB70095D89F /* Base */,
			);
			name = Main.storyboard;
			sourceTree = "<group>";
		};
		74D9EB351847ECB70095D89F /* InfoPlist.strings */ = {
			isa = PBXVariantGroup;
			children = (
				74D9EB361847ECB70095D89F /* en */,
			);
			name = InfoPlist.strings;
			sourceTree = "<group>";
		};
/* End PBXVariantGroup section */

/* Begin XCBuildConfiguration section */
		74D9EB3A1847ECB70095D89F /* Debug */ = {
			isa = XCBuildConfiguration;
			buildSettings = {
				ALWAYS_SEARCH_USER_PATHS = NO;
				ARCHS = "$(ARCHS_STANDARD_INCLUDING_64_BIT)";
				CLANG_CXX_LANGUAGE_STANDARD = "gnu++0x";
				CLANG_CXX_LIBRARY = "libc++";
				CLANG_ENABLE_MODULES = YES;
				CLANG_ENABLE_OBJC_ARC = YES;
				CLANG_WARN_BOOL_CONVERSION = YES;
				CLANG_WARN_CONSTANT_CONVERSION = YES;
				CLANG_WARN_DIRECT_OBJC_ISA_USAGE = YES_ERROR;
				CLANG_WARN_EMPTY_BODY = YES;
				CLANG_WARN_ENUM_CONVERSION = YES;
				CLANG_WARN_INT_CONVERSION = YES;
				CLANG_WARN_OBJC_ROOT_CLASS = YES_ERROR;
				CLANG_WARN__DUPLICATE_METHOD_MATCH = YES;
				"CODE_SIGN_IDENTITY[sdk=iphoneos*]" = "iPhone Developer";
				COPY_PHASE_STRIP = NO;
				GCC_C_LANGUAGE_STANDARD = gnu99;
				GCC_DYNAMIC_NO_PIC = NO;
				GCC_OPTIMIZATION_LEVEL = 0;
				GCC_PREPROCESSOR_DEFINITIONS = (
					"DEBUG=1",
					"$(inherited)",
				);
				GCC_SYMBOLS_PRIVATE_EXTERN = NO;
				GCC_WARN_64_TO_32_BIT_CONVERSION = YES;
				GCC_WARN_ABOUT_RETURN_TYPE = YES_ERROR;
				GCC_WARN_UNDECLARED_SELECTOR = YES;
				GCC_WARN_UNINITIALIZED_AUTOS = YES;
				GCC_WARN_UNUSED_FUNCTION = YES;
				GCC_WARN_UNUSED_VARIABLE = YES;
				IPHONEOS_DEPLOYMENT_TARGET = 7.0;
				ONLY_ACTIVE_ARCH = YES;
				SDKROOT = iphoneos;
			};
			name = Debug;
		};
		74D9EB3B1847ECB70095D89F /* Release */ = {
			isa = XCBuildConfiguration;
			buildSettings = {
				ALWAYS_SEARCH_USER_PATHS = NO;
				ARCHS = "$(ARCHS_STANDARD_INCLUDING_64_BIT)";
				CLANG_CXX_LANGUAGE_STANDARD = "gnu++0x";
				CLANG_CXX_LIBRARY = "libc++";
				CLANG_ENABLE_MODULES = YES;
				CLANG_ENABLE_OBJC_ARC = YES;
				CLANG_WARN_BOOL_CONVERSION = YES;
				CLANG_WARN_CONSTANT_CONVERSION = YES;
				CLANG_WARN_DIRECT_OBJC_ISA_USAGE = YES_ERROR;
				CLANG_WARN_EMPTY_BODY = YES;
				CLANG_WARN_ENUM_CONVERSION = YES;
				CLANG_WARN_INT_CONVERSION = YES;
				CLANG_WARN_OBJC_ROOT_CLASS = YES_ERROR;
				CLANG_WARN__DUPLICATE_METHOD_MATCH = YES;
				"CODE_SIGN_IDENTITY[sdk=iphoneos*]" = "iPhone Developer";
				COPY_PHASE_STRIP = YES;
				ENABLE_NS_ASSERTIONS = NO;
				GCC_C_LANGUAGE_STANDARD = gnu99;
				GCC_WARN_64_TO_32_BIT_CONVERSION = YES;
				GCC_WARN_ABOUT_RETURN_TYPE = YES_ERROR;
				GCC_WARN_UNDECLARED_SELECTOR = YES;
				GCC_WARN_UNINITIALIZED_AUTOS = YES;
				GCC_WARN_UNUSED_FUNCTION = YES;
				GCC_WARN_UNUSED_VARIABLE = YES;
				IPHONEOS_DEPLOYMENT_TARGET = 7.0;
				SDKROOT = iphoneos;
				VALIDATE_PRODUCT = YES;
			};
			name = Release;
		};
		74D9EB3D1847ECB70095D89F /* Debug */ = {
			isa = XCBuildConfiguration;
			buildSettings = {
				ASSETCATALOG_COMPILER_APPICON_NAME = AppIcon;
				ASSETCATALOG_COMPILER_LAUNCHIMAGE_NAME = LaunchImage;
				GCC_PRECOMPILE_PREFIX_HEADER = YES;
				GCC_PREFIX_HEADER = "XControls/XControls-Prefix.pch";
				INFOPLIST_FILE = "XControls/XControls-Info.plist";
				PRODUCT_NAME = "$(TARGET_NAME)";
				WRAPPER_EXTENSION = app;
			};
			name = Debug;
		};
		74D9EB3E1847ECB70095D89F /* Release */ = {
			isa = XCBuildConfiguration;
			buildSettings = {
				ASSETCATALOG_COMPILER_APPICON_NAME = AppIcon;
				ASSETCATALOG_COMPILER_LAUNCHIMAGE_NAME = LaunchImage;
				GCC_PRECOMPILE_PREFIX_HEADER = YES;
				GCC_PREFIX_HEADER = "XControls/XControls-Prefix.pch";
				INFOPLIST_FILE = "XControls/XControls-Info.plist";
				PRODUCT_NAME = "$(TARGET_NAME)";
				WRAPPER_EXTENSION = app;
			};
			name = Release;
		};
		74D9EB401847ECB70095D89F /* Debug */ = {
			isa = XCBuildConfiguration;
			buildSettings = {
				ARCHS = "$(ARCHS_STANDARD_INCLUDING_64_BIT)";
				BUNDLE_LOADER = "$(BUILT_PRODUCTS_DIR)/XControls.app/XControls";
				FRAMEWORK_SEARCH_PATHS = (
					"$(SDKROOT)/Developer/Library/Frameworks",
					"$(inherited)",
					"$(DEVELOPER_FRAMEWORKS_DIR)",
				);
				GCC_PRECOMPILE_PREFIX_HEADER = YES;
				GCC_PREFIX_HEADER = "XControls/XControls-Prefix.pch";
				GCC_PREPROCESSOR_DEFINITIONS = (
					"DEBUG=1",
					"$(inherited)",
				);
				INFOPLIST_FILE = "XControlsTests/XControlsTests-Info.plist";
				PRODUCT_NAME = "$(TARGET_NAME)";
				TEST_HOST = "$(BUNDLE_LOADER)";
				WRAPPER_EXTENSION = xctest;
			};
			name = Debug;
		};
		74D9EB411847ECB70095D89F /* Release */ = {
			isa = XCBuildConfiguration;
			buildSettings = {
				ARCHS = "$(ARCHS_STANDARD_INCLUDING_64_BIT)";
				BUNDLE_LOADER = "$(BUILT_PRODUCTS_DIR)/XControls.app/XControls";
				FRAMEWORK_SEARCH_PATHS = (
					"$(SDKROOT)/Developer/Library/Frameworks",
					"$(inherited)",
					"$(DEVELOPER_FRAMEWORKS_DIR)",
				);
				GCC_PRECOMPILE_PREFIX_HEADER = YES;
				GCC_PREFIX_HEADER = "XControls/XControls-Prefix.pch";
				INFOPLIST_FILE = "XControlsTests/XControlsTests-Info.plist";
				PRODUCT_NAME = "$(TARGET_NAME)";
				TEST_HOST = "$(BUNDLE_LOADER)";
				WRAPPER_EXTENSION = xctest;
			};
			name = Release;
		};
/* End XCBuildConfiguration section */

/* Begin XCConfigurationList section */
		74D9EB051847ECB70095D89F /* Build configuration list for PBXProject "XControls" */ = {
			isa = XCConfigurationList;
			buildConfigurations = (
				74D9EB3A1847ECB70095D89F /* Debug */,
				74D9EB3B1847ECB70095D89F /* Release */,
			);
			defaultConfigurationIsVisible = 0;
			defaultConfigurationName = Release;
		};
		74D9EB3C1847ECB70095D89F /* Build configuration list for PBXNativeTarget "XControls" */ = {
			isa = XCConfigurationList;
			buildConfigurations = (
				74D9EB3D1847ECB70095D89F /* Debug */,
				74D9EB3E1847ECB70095D89F /* Release */,
			);
			defaultConfigurationIsVisible = 0;
		};
		74D9EB3F1847ECB70095D89F /* Build configuration list for PBXNativeTarget "XControlsTests" */ = {
			isa = XCConfigurationList;
			buildConfigurations = (
				74D9EB401847ECB70095D89F /* Debug */,
				74D9EB411847ECB70095D89F /* Release */,
			);
			defaultConfigurationIsVisible = 0;
		};
/* End XCConfigurationList section */
	};
	rootObject = 74D9EB021847ECB70095D89F /* Project object */;
}
